
Microsoft Visual Studio Solution File, Format Version 12.00
# Visual Studio Version 17
VisualStudioVersion = 17.0.31903.59
MinimumVisualStudioVersion = 10.0.40219.1
Project("{2150E333-8FDC-42A3-9474-1A3956D46DE8}") = "src", "src", "{F73B64FA-70AD-4B23-A379-D30390F48CC0}"
EndProject
Project("{FAE04EC0-301F-11D3-BF4B-00C04F79EFBC}") = "FindCopy.Core", "src\FindCopy.Core\FindCopy.Core.csproj", "{920DA4DE-1165-4403-AC9E-1A7410A6222D}"
EndProject
Project("{FAE04EC0-301F-11D3-BF4B-00C04F79EFBC}") = "FindCopy.App", "src\FindCopy.App\FindCopy.App.csproj", "{926E8DD3-BA11-4924-B4E8-5EC962D1D1F5}"
EndProject
Project("{2150E333-8FDC-42A3-9474-1A3956D46DE8}") = "tests", "tests", "{AC52C548-5D53-4465-8D39-BB564E1A2A9A}"
EndProject
Project("{FAE04EC0-301F-11D3-BF4B-00C04F79EFBC}") = "FindCopy.Tests", "tests\FindCopy.Tests\FindCopy.Tests.csproj", "{0FCA4B94-EA7C-401A-A717-D90A8D12BE01}"
EndProject
Project("{2150E333-8FDC-42A3-9474-1A3956D46DE8}") = "tools", "tools", "{37B822F4-80E6-44CA-9E3C-134135F255C3}"
EndProject
Project("{FAE04EC0-301F-11D3-BF4B-00C04F79EFBC}") = "FindCopy.Bench", "tools\FindCopy.Bench\FindCopy.Bench.csproj", "{41D41632-3B04-44BE-9ADA-927A2CC6CF35}"
EndProject
Project("{FAE04EC0-301F-11D3-BF4B-00C04F79EFBC}") = "FindCopy.Audit", "tests\FindCopy.Audit\FindCopy.Audit.csproj", "{89142F97-A90B-46C5-8217-079E057C5116}"
EndProject
Global
	GlobalSection(SolutionConfigurationPlatforms) = preSolution
		Debug|Any CPU = Debug|Any CPU
		Release|Any CPU = Release|Any CPU
	EndGlobalSection
	GlobalSection(SolutionProperties) = preSolution
		HideSolutionNode = FALSE
	EndGlobalSection
	GlobalSection(ProjectConfigurationPlatforms) = postSolution
		{920DA4DE-1165-4403-AC9E-1A7410A6222D}.Debug|Any CPU.ActiveCfg = Debug|Any CPU
		{920DA4DE-1165-4403-AC9E-1A7410A6222D}.Debug|Any CPU.Build.0 = Debug|Any CPU
		{920DA4DE-1165-4403-AC9E-1A7410A6222D}.Release|Any CPU.ActiveCfg = Release|Any CPU
		{920DA4DE-1165-4403-AC9E-1A7410A6222D}.Release|Any CPU.Build.0 = Release|Any CPU
		{926E8DD3-BA11-4924-B4E8-5EC962D1D1F5}.Debug|Any CPU.ActiveCfg = Debug|Any CPU
		{926E8DD3-BA11-4924-B4E8-5EC962D1D1F5}.Debug|Any CPU.Build.0 = Debug|Any CPU
		{926E8DD3-BA11-4924-B4E8-5EC962D1D1F5}.Release|Any CPU.ActiveCfg = Release|Any CPU
		{926E8DD3-BA11-4924-B4E8-5EC962D1D1F5}.Release|Any CPU.Build.0 = Release|Any CPU
		{0FCA4B94-EA7C-401A-A717-D90A8D12BE01}.Debug|Any CPU.ActiveCfg = Debug|Any CPU
		{0FCA4B94-EA7C-401A-A717-D90A8D12BE01}.Debug|Any CPU.Build.0 = Debug|Any CPU
		{0FCA4B94-EA7C-401A-A717-D90A8D12BE01}.Release|Any CPU.ActiveCfg = Release|Any CPU
		{0FCA4B94-EA7C-401A-A717-D90A8D12BE01}.Release|Any CPU.Build.0 = Release|Any CPU
		{41D41632-3B04-44BE-9ADA-927A2CC6CF35}.Debug|Any CPU.ActiveCfg = Debug|Any CPU
		{41D41632-3B04-44BE-9ADA-927A2CC6CF35}.Debug|Any CPU.Build.0 = Debug|Any CPU
		{41D41632-3B04-44BE-9ADA-927A2CC6CF35}.Release|Any CPU.ActiveCfg = Release|Any CPU
		{41D41632-3B04-44BE-9ADA-927A2CC6CF35}.Release|Any CPU.Build.0 = Release|Any CPU
		{89142F97-A90B-46C5-8217-079E057C5116}.Debug|Any CPU.ActiveCfg = Debug|Any CPU
		{89142F97-A90B-46C5-8217-079E057C5116}.Debug|Any CPU.Build.0 = Debug|Any CPU
		{89142F97-A90B-46C5-8217-079E057C5116}.Release|Any CPU.ActiveCfg = Release|Any CPU
		{89142F97-A90B-46C5-8217-079E057C5116}.Release|Any CPU.Build.0 = Release|Any CPU
	EndGlobalSection
	GlobalSection(NestedProjects) = preSolution
		{920DA4DE-1165-4403-AC9E-1A7410A6222D} = {F73B64FA-70AD-4B23-A379-D30390F48CC0}
		{926E8DD3-BA11-4924-B4E8-5EC962D1D1F5} = {F73B64FA-70AD-4B23-A379-D30390F48CC0}
		{0FCA4B94-EA7C-401A-A717-D90A8D12BE01} = {AC52C548-5D53-4465-8D39-BB564E1A2A9A}
		{41D41632-3B04-44BE-9ADA-927A2CC6CF35} = {37B822F4-80E6-44CA-9E3C-134135F255C3}
		{89142F97-A90B-46C5-8217-079E057C5116} = {AC52C548-5D53-4465-8D39-BB564E1A2A9A}
	EndGlobalSection
EndGlobal
